// !$*UTF8*$!
{
	archiveVersion = 1;
	classes = {
	};
	objectVersion = 50;
	objects = {

/* Begin PBXBuildFile section */
		A337735025F67C8600DFC947 /* DataManager.swift in Sources */ = {isa = PBXBuildFile; fileRef = A337734F25F67C8600DFC947 /* DataManager.swift */; };
		A337735425F67CA900DFC947 /* SessionView.swift in Sources */ = {isa = PBXBuildFile; fileRef = A337735325F67CA900DFC947 /* SessionView.swift */; };
		A358B03C25EFB94100847024 /* Assets.xcassets in Resources */ = {isa = PBXBuildFile; fileRef = A358B03B25EFB94100847024 /* Assets.xcassets */; };
		A358B04325EFB94100847024 /* Kairos WatchKit Extension.appex in Embed App Extensions */ = {isa = PBXBuildFile; fileRef = A358B04225EFB94100847024 /* Kairos WatchKit Extension.appex */; settings = {ATTRIBUTES = (RemoveHeadersOnCopy, ); }; };
		A358B04825EFB94100847024 /* KairosApp.swift in Sources */ = {isa = PBXBuildFile; fileRef = A358B04725EFB94100847024 /* KairosApp.swift */; };
		A358B04A25EFB94100847024 /* ContentView.swift in Sources */ = {isa = PBXBuildFile; fileRef = A358B04925EFB94100847024 /* ContentView.swift */; };
		A358B04C25EFB94100847024 /* NotificationController.swift in Sources */ = {isa = PBXBuildFile; fileRef = A358B04B25EFB94100847024 /* NotificationController.swift */; };
		A358B04E25EFB94100847024 /* NotificationView.swift in Sources */ = {isa = PBXBuildFile; fileRef = A358B04D25EFB94100847024 /* NotificationView.swift */; };
		A358B05025EFB94100847024 /* ComplicationController.swift in Sources */ = {isa = PBXBuildFile; fileRef = A358B04F25EFB94100847024 /* ComplicationController.swift */; };
		A358B05225EFB94500847024 /* Assets.xcassets in Resources */ = {isa = PBXBuildFile; fileRef = A358B05125EFB94500847024 /* Assets.xcassets */; };
		A358B05525EFB94500847024 /* Preview Assets.xcassets in Resources */ = {isa = PBXBuildFile; fileRef = A358B05425EFB94500847024 /* Preview Assets.xcassets */; };
		A368C5AA25F2629B0068350A /* HealthKit.framework in Frameworks */ = {isa = PBXBuildFile; fileRef = A368C5A925F2629B0068350A /* HealthKit.framework */; };
/* End PBXBuildFile section */

/* Begin PBXContainerItemProxy section */
		A358B04425EFB94100847024 /* PBXContainerItemProxy */ = {
			isa = PBXContainerItemProxy;
			containerPortal = A358B01F25EFB93400847024 /* Project object */;
			proxyType = 1;
			remoteGlobalIDString = A358B04125EFB94100847024;
			remoteInfo = "Kairos WatchKit Extension";
		};
/* End PBXContainerItemProxy section */

/* Begin PBXCopyFilesBuildPhase section */
		A358B05D25EFB94500847024 /* Embed App Extensions */ = {
			isa = PBXCopyFilesBuildPhase;
			buildActionMask = 2147483647;
			dstPath = "";
			dstSubfolderSpec = 13;
			files = (
				A358B04325EFB94100847024 /* Kairos WatchKit Extension.appex in Embed App Extensions */,
			);
			name = "Embed App Extensions";
			runOnlyForDeploymentPostprocessing = 0;
		};
/* End PBXCopyFilesBuildPhase section */

/* Begin PBXFileReference section */
		A337734225F66BA700DFC947 /* Kairos WatchKit App-Bridging-Header.h */ = {isa = PBXFileReference; lastKnownFileType = sourcecode.c.h; path = "Kairos WatchKit App-Bridging-Header.h"; sourceTree = "<group>"; };
		A337734F25F67C8600DFC947 /* DataManager.swift */ = {isa = PBXFileReference; lastKnownFileType = sourcecode.swift; path = DataManager.swift; sourceTree = "<group>"; };
		A337735325F67CA900DFC947 /* SessionView.swift */ = {isa = PBXFileReference; lastKnownFileType = sourcecode.swift; path = SessionView.swift; sourceTree = "<group>"; };
		A358B03625EFB93D00847024 /* Kairos WatchKit App.app */ = {isa = PBXFileReference; explicitFileType = wrapper.application; includeInIndex = 0; path = "Kairos WatchKit App.app"; sourceTree = BUILT_PRODUCTS_DIR; };
		A358B03B25EFB94100847024 /* Assets.xcassets */ = {isa = PBXFileReference; lastKnownFileType = folder.assetcatalog; path = Assets.xcassets; sourceTree = "<group>"; };
		A358B03D25EFB94100847024 /* Info.plist */ = {isa = PBXFileReference; lastKnownFileType = text.plist.xml; path = Info.plist; sourceTree = "<group>"; };
		A358B04225EFB94100847024 /* Kairos WatchKit Extension.appex */ = {isa = PBXFileReference; explicitFileType = "wrapper.app-extension"; includeInIndex = 0; path = "Kairos WatchKit Extension.appex"; sourceTree = BUILT_PRODUCTS_DIR; };
		A358B04725EFB94100847024 /* KairosApp.swift */ = {isa = PBXFileReference; lastKnownFileType = sourcecode.swift; path = KairosApp.swift; sourceTree = "<group>"; };
		A358B04925EFB94100847024 /* ContentView.swift */ = {isa = PBXFileReference; lastKnownFileType = sourcecode.swift; path = ContentView.swift; sourceTree = "<group>"; };
		A358B04B25EFB94100847024 /* NotificationController.swift */ = {isa = PBXFileReference; lastKnownFileType = sourcecode.swift; path = NotificationController.swift; sourceTree = "<group>"; };
		A358B04D25EFB94100847024 /* NotificationView.swift */ = {isa = PBXFileReference; lastKnownFileType = sourcecode.swift; path = NotificationView.swift; sourceTree = "<group>"; };
		A358B04F25EFB94100847024 /* ComplicationController.swift */ = {isa = PBXFileReference; lastKnownFileType = sourcecode.swift; path = ComplicationController.swift; sourceTree = "<group>"; };
		A358B05125EFB94500847024 /* Assets.xcassets */ = {isa = PBXFileReference; lastKnownFileType = folder.assetcatalog; path = Assets.xcassets; sourceTree = "<group>"; };
		A358B05425EFB94500847024 /* Preview Assets.xcassets */ = {isa = PBXFileReference; lastKnownFileType = folder.assetcatalog; path = "Preview Assets.xcassets"; sourceTree = "<group>"; };
		A358B05625EFB94500847024 /* Info.plist */ = {isa = PBXFileReference; lastKnownFileType = text.plist.xml; path = Info.plist; sourceTree = "<group>"; };
		A358B05725EFB94500847024 /* PushNotificationPayload.apns */ = {isa = PBXFileReference; lastKnownFileType = text; path = PushNotificationPayload.apns; sourceTree = "<group>"; };
		A358B07A25EFC4E400847024 /* HealthKit.framework */ = {isa = PBXFileReference; lastKnownFileType = wrapper.framework; name = HealthKit.framework; path = Platforms/iPhoneOS.platform/Developer/SDKs/iPhoneOS14.4.sdk/System/Library/Frameworks/HealthKit.framework; sourceTree = DEVELOPER_DIR; };
		A368C5A825F2629B0068350A /* Kairos WatchKit Extension.entitlements */ = {isa = PBXFileReference; lastKnownFileType = text.plist.entitlements; path = "Kairos WatchKit Extension.entitlements"; sourceTree = "<group>"; };
		A368C5A925F2629B0068350A /* HealthKit.framework */ = {isa = PBXFileReference; lastKnownFileType = wrapper.framework; name = HealthKit.framework; path = Platforms/WatchOS.platform/Developer/SDKs/WatchOS7.2.sdk/System/Library/Frameworks/HealthKit.framework; sourceTree = DEVELOPER_DIR; };
/* End PBXFileReference section */

/* Begin PBXFrameworksBuildPhase section */
		A358B03F25EFB94100847024 /* Frameworks */ = {
			isa = PBXFrameworksBuildPhase;
			buildActionMask = 2147483647;
			files = (
				A368C5AA25F2629B0068350A /* HealthKit.framework in Frameworks */,
			);
			runOnlyForDeploymentPostprocessing = 0;
		};
/* End PBXFrameworksBuildPhase section */

/* Begin PBXGroup section */
		A358B01E25EFB93400847024 = {
			isa = PBXGroup;
			children = (
				A358B03A25EFB93D00847024 /* Kairos WatchKit App */,
				A358B04625EFB94100847024 /* Kairos WatchKit Extension */,
				A358B02825EFB93400847024 /* Products */,
				A358B07925EFC4E400847024 /* Frameworks */,
			);
			sourceTree = "<group>";
		};
		A358B02825EFB93400847024 /* Products */ = {
			isa = PBXGroup;
			children = (
				A358B03625EFB93D00847024 /* Kairos WatchKit App.app */,
				A358B04225EFB94100847024 /* Kairos WatchKit Extension.appex */,
			);
			name = Products;
			sourceTree = "<group>";
		};
		A358B03A25EFB93D00847024 /* Kairos WatchKit App */ = {
			isa = PBXGroup;
			children = (
				A358B03B25EFB94100847024 /* Assets.xcassets */,
				A358B03D25EFB94100847024 /* Info.plist */,
			);
			path = "Kairos WatchKit App";
			sourceTree = "<group>";
		};
		A358B04625EFB94100847024 /* Kairos WatchKit Extension */ = {
			isa = PBXGroup;
			children = (
				A368C5A825F2629B0068350A /* Kairos WatchKit Extension.entitlements */,
				A358B04725EFB94100847024 /* KairosApp.swift */,
				A358B04925EFB94100847024 /* ContentView.swift */,
				A337734F25F67C8600DFC947 /* DataManager.swift */,
				A337735325F67CA900DFC947 /* SessionView.swift */,
				A358B04B25EFB94100847024 /* NotificationController.swift */,
				A358B04D25EFB94100847024 /* NotificationView.swift */,
				A358B04F25EFB94100847024 /* ComplicationController.swift */,
				A358B05125EFB94500847024 /* Assets.xcassets */,
				A358B05625EFB94500847024 /* Info.plist */,
				A358B05725EFB94500847024 /* PushNotificationPayload.apns */,
				A358B05325EFB94500847024 /* Preview Content */,
				A337734225F66BA700DFC947 /* Kairos WatchKit App-Bridging-Header.h */,
			);
			path = "Kairos WatchKit Extension";
			sourceTree = "<group>";
		};
		A358B05325EFB94500847024 /* Preview Content */ = {
			isa = PBXGroup;
			children = (
				A358B05425EFB94500847024 /* Preview Assets.xcassets */,
			);
			path = "Preview Content";
			sourceTree = "<group>";
		};
		A358B07925EFC4E400847024 /* Frameworks */ = {
			isa = PBXGroup;
			children = (
				A368C5A925F2629B0068350A /* HealthKit.framework */,
				A358B07A25EFC4E400847024 /* HealthKit.framework */,
			);
			name = Frameworks;
			sourceTree = "<group>";
		};
/* End PBXGroup section */

/* Begin PBXNativeTarget section */
		A358B03525EFB93D00847024 /* Kairos WatchKit App */ = {
			isa = PBXNativeTarget;
			buildConfigurationList = A358B05E25EFB94500847024 /* Build configuration list for PBXNativeTarget "Kairos WatchKit App" */;
			buildPhases = (
				A358B03425EFB93D00847024 /* Resources */,
				A358B05D25EFB94500847024 /* Embed App Extensions */,
			);
			buildRules = (
			);
			dependencies = (
				A358B04525EFB94100847024 /* PBXTargetDependency */,
			);
			name = "Kairos WatchKit App";
			productName = "Kairos WatchKit App";
			productReference = A358B03625EFB93D00847024 /* Kairos WatchKit App.app */;
			productType = "com.apple.product-type.application.watchapp2";
		};
		A358B04125EFB94100847024 /* Kairos WatchKit Extension */ = {
			isa = PBXNativeTarget;
			buildConfigurationList = A358B05A25EFB94500847024 /* Build configuration list for PBXNativeTarget "Kairos WatchKit Extension" */;
			buildPhases = (
				A358B03E25EFB94100847024 /* Sources */,
				A358B03F25EFB94100847024 /* Frameworks */,
				A358B04025EFB94100847024 /* Resources */,
			);
			buildRules = (
			);
			dependencies = (
			);
			name = "Kairos WatchKit Extension";
			productName = "Kairos WatchKit Extension";
			productReference = A358B04225EFB94100847024 /* Kairos WatchKit Extension.appex */;
			productType = "com.apple.product-type.watchkit2-extension";
		};
/* End PBXNativeTarget section */

/* Begin PBXProject section */
		A358B01F25EFB93400847024 /* Project object */ = {
			isa = PBXProject;
			attributes = {
				LastSwiftUpdateCheck = 1240;
				LastUpgradeCheck = 1240;
				TargetAttributes = {
					A358B03525EFB93D00847024 = {
						CreatedOnToolsVersion = 12.4;
						LastSwiftMigration = 1240;
					};
					A358B04125EFB94100847024 = {
						CreatedOnToolsVersion = 12.4;
					};
				};
			};
			buildConfigurationList = A358B02225EFB93400847024 /* Build configuration list for PBXProject "Kairos" */;
			compatibilityVersion = "Xcode 9.3";
			developmentRegion = en;
			hasScannedForEncodings = 0;
			knownRegions = (
				en,
				Base,
			);
			mainGroup = A358B01E25EFB93400847024;
			productRefGroup = A358B02825EFB93400847024 /* Products */;
			projectDirPath = "";
			projectRoot = "";
			targets = (
				A358B03525EFB93D00847024 /* Kairos WatchKit App */,
				A358B04125EFB94100847024 /* Kairos WatchKit Extension */,
			);
		};
/* End PBXProject section */

/* Begin PBXResourcesBuildPhase section */
		A358B03425EFB93D00847024 /* Resources */ = {
			isa = PBXResourcesBuildPhase;
			buildActionMask = 2147483647;
			files = (
				A358B03C25EFB94100847024 /* Assets.xcassets in Resources */,
			);
			runOnlyForDeploymentPostprocessing = 0;
		};
		A358B04025EFB94100847024 /* Resources */ = {
			isa = PBXResourcesBuildPhase;
			buildActionMask = 2147483647;
			files = (
				A358B05525EFB94500847024 /* Preview Assets.xcassets in Resources */,
				A358B05225EFB94500847024 /* Assets.xcassets in Resources */,
			);
			runOnlyForDeploymentPostprocessing = 0;
		};
/* End PBXResourcesBuildPhase section */

/* Begin PBXSourcesBuildPhase section */
		A358B03E25EFB94100847024 /* Sources */ = {
			isa = PBXSourcesBuildPhase;
			buildActionMask = 2147483647;
			files = (
				A337735425F67CA900DFC947 /* SessionView.swift in Sources */,
				A358B04C25EFB94100847024 /* NotificationController.swift in Sources */,
				A337735025F67C8600DFC947 /* DataManager.swift in Sources */,
				A358B04A25EFB94100847024 /* ContentView.swift in Sources */,
				A358B05025EFB94100847024 /* ComplicationController.swift in Sources */,
				A358B04825EFB94100847024 /* KairosApp.swift in Sources */,
				A358B04E25EFB94100847024 /* NotificationView.swift in Sources */,
			);
			runOnlyForDeploymentPostprocessing = 0;
		};
/* End PBXSourcesBuildPhase section */

/* Begin PBXTargetDependency section */
		A358B04525EFB94100847024 /* PBXTargetDependency */ = {
			isa = PBXTargetDependency;
			target = A358B04125EFB94100847024 /* Kairos WatchKit Extension */;
			targetProxy = A358B04425EFB94100847024 /* PBXContainerItemProxy */;
		};
/* End PBXTargetDependency section */

/* Begin XCBuildConfiguration section */
		A358B05825EFB94500847024 /* Debug */ = {
			isa = XCBuildConfiguration;
			buildSettings = {
				ALWAYS_SEARCH_USER_PATHS = NO;
				CLANG_ANALYZER_NONNULL = YES;
				CLANG_ANALYZER_NUMBER_OBJECT_CONVERSION = YES_AGGRESSIVE;
				CLANG_CXX_LANGUAGE_STANDARD = "gnu++14";
				CLANG_CXX_LIBRARY = "libc++";
				CLANG_ENABLE_MODULES = YES;
				CLANG_ENABLE_OBJC_ARC = YES;
				CLANG_ENABLE_OBJC_WEAK = YES;
				CLANG_WARN_BLOCK_CAPTURE_AUTORELEASING = YES;
				CLANG_WARN_BOOL_CONVERSION = YES;
				CLANG_WARN_COMMA = YES;
				CLANG_WARN_CONSTANT_CONVERSION = YES;
				CLANG_WARN_DEPRECATED_OBJC_IMPLEMENTATIONS = YES;
				CLANG_WARN_DIRECT_OBJC_ISA_USAGE = YES_ERROR;
				CLANG_WARN_DOCUMENTATION_COMMENTS = YES;
				CLANG_WARN_EMPTY_BODY = YES;
				CLANG_WARN_ENUM_CONVERSION = YES;
				CLANG_WARN_INFINITE_RECURSION = YES;
				CLANG_WARN_INT_CONVERSION = YES;
				CLANG_WARN_NON_LITERAL_NULL_CONVERSION = YES;
				CLANG_WARN_OBJC_IMPLICIT_RETAIN_SELF = YES;
				CLANG_WARN_OBJC_LITERAL_CONVERSION = YES;
				CLANG_WARN_OBJC_ROOT_CLASS = YES_ERROR;
				CLANG_WARN_QUOTED_INCLUDE_IN_FRAMEWORK_HEADER = YES;
				CLANG_WARN_RANGE_LOOP_ANALYSIS = YES;
				CLANG_WARN_STRICT_PROTOTYPES = YES;
				CLANG_WARN_SUSPICIOUS_MOVE = YES;
				CLANG_WARN_UNGUARDED_AVAILABILITY = YES_AGGRESSIVE;
				CLANG_WARN_UNREACHABLE_CODE = YES;
				CLANG_WARN__DUPLICATE_METHOD_MATCH = YES;
				COPY_PHASE_STRIP = NO;
				DEBUG_INFORMATION_FORMAT = dwarf;
				ENABLE_STRICT_OBJC_MSGSEND = YES;
				ENABLE_TESTABILITY = YES;
				GCC_C_LANGUAGE_STANDARD = gnu11;
				GCC_DYNAMIC_NO_PIC = NO;
				GCC_NO_COMMON_BLOCKS = YES;
				GCC_OPTIMIZATION_LEVEL = 0;
				GCC_PREPROCESSOR_DEFINITIONS = (
					"DEBUG=1",
					"$(inherited)",
				);
				GCC_WARN_64_TO_32_BIT_CONVERSION = YES;
				GCC_WARN_ABOUT_RETURN_TYPE = YES_ERROR;
				GCC_WARN_UNDECLARED_SELECTOR = YES;
				GCC_WARN_UNINITIALIZED_AUTOS = YES_AGGRESSIVE;
				GCC_WARN_UNUSED_FUNCTION = YES;
				GCC_WARN_UNUSED_VARIABLE = YES;
				IPHONEOS_DEPLOYMENT_TARGET = 14.1;
				MTL_ENABLE_DEBUG_INFO = INCLUDE_SOURCE;
				MTL_FAST_MATH = YES;
				ONLY_ACTIVE_ARCH = YES;
				SDKROOT = watchos;
				SKIP_INSTALL = NO;
				SWIFT_ACTIVE_COMPILATION_CONDITIONS = DEBUG;
				SWIFT_OPTIMIZATION_LEVEL = "-Onone";
				WATCHOS_DEPLOYMENT_TARGET = 7.1;
			};
			name = Debug;
		};
		A358B05925EFB94500847024 /* Release */ = {
			isa = XCBuildConfiguration;
			buildSettings = {
				ALWAYS_SEARCH_USER_PATHS = NO;
				CLANG_ANALYZER_NONNULL = YES;
				CLANG_ANALYZER_NUMBER_OBJECT_CONVERSION = YES_AGGRESSIVE;
				CLANG_CXX_LANGUAGE_STANDARD = "gnu++14";
				CLANG_CXX_LIBRARY = "libc++";
				CLANG_ENABLE_MODULES = YES;
				CLANG_ENABLE_OBJC_ARC = YES;
				CLANG_ENABLE_OBJC_WEAK = YES;
				CLANG_WARN_BLOCK_CAPTURE_AUTORELEASING = YES;
				CLANG_WARN_BOOL_CONVERSION = YES;
				CLANG_WARN_COMMA = YES;
				CLANG_WARN_CONSTANT_CONVERSION = YES;
				CLANG_WARN_DEPRECATED_OBJC_IMPLEMENTATIONS = YES;
				CLANG_WARN_DIRECT_OBJC_ISA_USAGE = YES_ERROR;
				CLANG_WARN_DOCUMENTATION_COMMENTS = YES;
				CLANG_WARN_EMPTY_BODY = YES;
				CLANG_WARN_ENUM_CONVERSION = YES;
				CLANG_WARN_INFINITE_RECURSION = YES;
				CLANG_WARN_INT_CONVERSION = YES;
				CLANG_WARN_NON_LITERAL_NULL_CONVERSION = YES;
				CLANG_WARN_OBJC_IMPLICIT_RETAIN_SELF = YES;
				CLANG_WARN_OBJC_LITERAL_CONVERSION = YES;
				CLANG_WARN_OBJC_ROOT_CLASS = YES_ERROR;
				CLANG_WARN_QUOTED_INCLUDE_IN_FRAMEWORK_HEADER = YES;
				CLANG_WARN_RANGE_LOOP_ANALYSIS = YES;
				CLANG_WARN_STRICT_PROTOTYPES = YES;
				CLANG_WARN_SUSPICIOUS_MOVE = YES;
				CLANG_WARN_UNGUARDED_AVAILABILITY = YES_AGGRESSIVE;
				CLANG_WARN_UNREACHABLE_CODE = YES;
				CLANG_WARN__DUPLICATE_METHOD_MATCH = YES;
				COPY_PHASE_STRIP = NO;
				DEBUG_INFORMATION_FORMAT = "dwarf-with-dsym";
				ENABLE_NS_ASSERTIONS = NO;
				ENABLE_STRICT_OBJC_MSGSEND = YES;
				GCC_C_LANGUAGE_STANDARD = gnu11;
				GCC_NO_COMMON_BLOCKS = YES;
				GCC_WARN_64_TO_32_BIT_CONVERSION = YES;
				GCC_WARN_ABOUT_RETURN_TYPE = YES_ERROR;
				GCC_WARN_UNDECLARED_SELECTOR = YES;
				GCC_WARN_UNINITIALIZED_AUTOS = YES_AGGRESSIVE;
				GCC_WARN_UNUSED_FUNCTION = YES;
				GCC_WARN_UNUSED_VARIABLE = YES;
				IPHONEOS_DEPLOYMENT_TARGET = 14.1;
				MTL_ENABLE_DEBUG_INFO = NO;
				MTL_FAST_MATH = YES;
				SDKROOT = watchos;
				SKIP_INSTALL = NO;
				SWIFT_COMPILATION_MODE = wholemodule;
				SWIFT_OPTIMIZATION_LEVEL = "-O";
				WATCHOS_DEPLOYMENT_TARGET = 7.1;
			};
			name = Release;
		};
		A358B05B25EFB94500847024 /* Debug */ = {
			isa = XCBuildConfiguration;
			buildSettings = {
				ASSETCATALOG_COMPILER_COMPLICATION_NAME = Complication;
				CODE_SIGN_ENTITLEMENTS = "Kairos WatchKit Extension/Kairos WatchKit Extension.entitlements";
				CODE_SIGN_STYLE = Automatic;
				DEVELOPMENT_ASSET_PATHS = "\"Kairos WatchKit Extension/Preview Content\"";
				DEVELOPMENT_TEAM = 9GZLS24G89;
				ENABLE_PREVIEWS = YES;
				INFOPLIST_FILE = "Kairos WatchKit Extension/Info.plist";
				LD_RUNPATH_SEARCH_PATHS = (
					"$(inherited)",
					"@executable_path/Frameworks",
					"@executable_path/../../Frameworks",
				);
				PRODUCT_BUNDLE_IDENTIFIER = "Inc-Inc.Kairos.watchkitapp.watchkitextension";
				PRODUCT_NAME = "${TARGET_NAME}";
				SDKROOT = watchos;
				SKIP_INSTALL = YES;
				SWIFT_VERSION = 5.0;
				TARGETED_DEVICE_FAMILY = 4;
				WATCHOS_DEPLOYMENT_TARGET = 7.1;
			};
			name = Debug;
		};
		A358B05C25EFB94500847024 /* Release */ = {
			isa = XCBuildConfiguration;
			buildSettings = {
				ASSETCATALOG_COMPILER_COMPLICATION_NAME = Complication;
				CODE_SIGN_ENTITLEMENTS = "Kairos WatchKit Extension/Kairos WatchKit Extension.entitlements";
				CODE_SIGN_STYLE = Automatic;
				DEVELOPMENT_ASSET_PATHS = "\"Kairos WatchKit Extension/Preview Content\"";
				DEVELOPMENT_TEAM = 9GZLS24G89;
				ENABLE_PREVIEWS = YES;
				INFOPLIST_FILE = "Kairos WatchKit Extension/Info.plist";
				LD_RUNPATH_SEARCH_PATHS = (
					"$(inherited)",
					"@executable_path/Frameworks",
					"@executable_path/../../Frameworks",
				);
				PRODUCT_BUNDLE_IDENTIFIER = "Inc-Inc.Kairos.watchkitapp.watchkitextension";
				PRODUCT_NAME = "${TARGET_NAME}";
				SDKROOT = watchos;
				SKIP_INSTALL = YES;
				SWIFT_VERSION = 5.0;
				TARGETED_DEVICE_FAMILY = 4;
				VALIDATE_PRODUCT = YES;
				WATCHOS_DEPLOYMENT_TARGET = 7.1;
			};
			name = Release;
		};
		A358B05F25EFB94500847024 /* Debug */ = {
			isa = XCBuildConfiguration;
			buildSettings = {
				ALWAYS_EMBED_SWIFT_STANDARD_LIBRARIES = YES;
				ASSETCATALOG_COMPILER_APPICON_NAME = AppIcon;
				ASSETCATALOG_COMPILER_GLOBAL_ACCENT_COLOR_NAME = AccentColor;
				CLANG_ENABLE_MODULES = YES;
				CODE_SIGN_STYLE = Automatic;
				DEVELOPMENT_TEAM = 9GZLS24G89;
				IBSC_MODULE = Kairos_WatchKit_Extension;
				INFOPLIST_FILE = "Kairos WatchKit App/Info.plist";
				IPHONEOS_DEPLOYMENT_TARGET = 14.1;
				LD_RUNPATH_SEARCH_PATHS = (
					"$(inherited)",
					"@executable_path/../Frameworks",
					"@loader_path/../Frameworks",
				);
				PRODUCT_BUNDLE_IDENTIFIER = "Inc-Inc.Kairos.watchkitapp";
				PRODUCT_NAME = "$(TARGET_NAME)";
				SDKROOT = watchos;
				SKIP_INSTALL = YES;
				SWIFT_OBJC_BRIDGING_HEADER = "Kairos WatchKit Extension/Kairos WatchKit App-Bridging-Header.h";
				SWIFT_OPTIMIZATION_LEVEL = "-Onone";
				SWIFT_VERSION = 5.0;
				TARGETED_DEVICE_FAMILY = 4;
				WATCHOS_DEPLOYMENT_TARGET = 7.1;
			};
			name = Debug;
		};
		A358B06025EFB94500847024 /* Release */ = {
			isa = XCBuildConfiguration;
			buildSettings = {
				ALWAYS_EMBED_SWIFT_STANDARD_LIBRARIES = YES;
				ASSETCATALOG_COMPILER_APPICON_NAME = AppIcon;
				ASSETCATALOG_COMPILER_GLOBAL_ACCENT_COLOR_NAME = AccentColor;
				CLANG_ENABLE_MODULES = YES;
				CODE_SIGN_STYLE = Automatic;
				DEVELOPMENT_TEAM = 9GZLS24G89;
				IBSC_MODULE = Kairos_WatchKit_Extension;
				INFOPLIST_FILE = "Kairos WatchKit App/Info.plist";
				IPHONEOS_DEPLOYMENT_TARGET = 14.1;
				LD_RUNPATH_SEARCH_PATHS = (
					"$(inherited)",
					"@executable_path/../Frameworks",
					"@loader_path/../Frameworks",
				);
				PRODUCT_BUNDLE_IDENTIFIER = "Inc-Inc.Kairos.watchkitapp";
				PRODUCT_NAME = "$(TARGET_NAME)";
				SDKROOT = watchos;
				SKIP_INSTALL = YES;
				SWIFT_OBJC_BRIDGING_HEADER = "Kairos WatchKit Extension/Kairos WatchKit App-Bridging-Header.h";
				SWIFT_VERSION = 5.0;
				TARGETED_DEVICE_FAMILY = 4;
				VALIDATE_PRODUCT = YES;
				WATCHOS_DEPLOYMENT_TARGET = 7.1;
			};
			name = Release;
		};
/* End XCBuildConfiguration section */

/* Begin XCConfigurationList section */
		A358B02225EFB93400847024 /* Build configuration list for PBXProject "Kairos" */ = {
			isa = XCConfigurationList;
			buildConfigurations = (
				A358B05825EFB94500847024 /* Debug */,
				A358B05925EFB94500847024 /* Release */,
			);
			defaultConfigurationIsVisible = 0;
			defaultConfigurationName = Release;
		};
		A358B05A25EFB94500847024 /* Build configuration list for PBXNativeTarget "Kairos WatchKit Extension" */ = {
			isa = XCConfigurationList;
			buildConfigurations = (
				A358B05B25EFB94500847024 /* Debug */,
				A358B05C25EFB94500847024 /* Release */,
			);
			defaultConfigurationIsVisible = 0;
			defaultConfigurationName = Release;
		};
		A358B05E25EFB94500847024 /* Build configuration list for PBXNativeTarget "Kairos WatchKit App" */ = {
			isa = XCConfigurationList;
			buildConfigurations = (
				A358B05F25EFB94500847024 /* Debug */,
				A358B06025EFB94500847024 /* Release */,
			);
			defaultConfigurationIsVisible = 0;
			defaultConfigurationName = Release;
		};
/* End XCConfigurationList section */
	};
	rootObject = A358B01F25EFB93400847024 /* Project object */;
}
